
Microsoft Visual Studio Solution File, Format Version 12.00
# Visual Studio 15
VisualStudioVersion = 15.0.28307.168
MinimumVisualStudioVersion = 10.0.40219.1
Project("{8BC9CEB8-8B4A-11D0-8D11-00A0C91BC942}") = "Member1", "Member1\Member1.vcxproj", "{7CFCC57E-E50B-41A2-ADB1-A9611D05E837}"
EndProject
Project("{8BC9CEB8-8B4A-11D0-8D11-00A0C91BC942}") = "jiroproject", "jiroproject\jiroproject.vcxproj", "{42EFDF31-6D24-4FD2-B3A5-3D44CB18B17A}"
EndProject
Global
	GlobalSection(SolutionConfigurationPlatforms) = preSolution
		Debug|x64 = Debug|x64
		Debug|x86 = Debug|x86
		Release|x64 = Release|x64
		Release|x86 = Release|x86
	EndGlobalSection
	GlobalSection(ProjectConfigurationPlatforms) = postSolution
		{7CFCC57E-E50B-41A2-ADB1-A9611D05E837}.Debug|x64.ActiveCfg = Debug|x64
		{7CFCC57E-E50B-41A2-ADB1-A9611D05E837}.Debug|x64.Build.0 = Debug|x64
		{7CFCC57E-E50B-41A2-ADB1-A9611D05E837}.Debug|x86.ActiveCfg = Debug|Win32
		{7CFCC57E-E50B-41A2-ADB1-A9611D05E837}.Debug|x86.Build.0 = Debug|Win32
		{7CFCC57E-E50B-41A2-ADB1-A9611D05E837}.Release|x64.ActiveCfg = Release|x64
		{7CFCC57E-E50B-41A2-ADB1-A9611D05E837}.Release|x64.Build.0 = Release|x64
		{7CFCC57E-E50B-41A2-ADB1-A9611D05E837}.Release|x86.ActiveCfg = Release|Win32
		{7CFCC57E-E50B-41A2-ADB1-A9611D05E837}.Release|x86.Build.0 = Release|Win32
		{42EFDF31-6D24-4FD2-B3A5-3D44CB18B17A}.Debug|x64.ActiveCfg = Debug|x64
		{42EFDF31-6D24-4FD2-B3A5-3D44CB18B17A}.Debug|x64.Build.0 = Debug|x64
		{42EFDF31-6D24-4FD2-B3A5-3D44CB18B17A}.Debug|x86.ActiveCfg = Debug|Win32
		{42EFDF31-6D24-4FD2-B3A5-3D44CB18B17A}.Debug|x86.Build.0 = Debug|Win32
		{42EFDF31-6D24-4FD2-B3A5-3D44CB18B17A}.Release|x64.ActiveCfg = Release|x64
		{42EFDF31-6D24-4FD2-B3A5-3D44CB18B17A}.Release|x64.Build.0 = Release|x64
		{42EFDF31-6D24-4FD2-B3A5-3D44CB18B17A}.Release|x86.ActiveCfg = Release|Win32
		{42EFDF31-6D24-4FD2-B3A5-3D44CB18B17A}.Release|x86.Build.0 = Release|Win32
	EndGlobalSection
	GlobalSection(SolutionProperties) = preSolution
		HideSolutionNode = FALSE
	EndGlobalSection
	GlobalSection(ExtensibilityGlobals) = postSolution
		SolutionGuid = {286A2E3F-FCD4-47DD-931B-095CE4564A12}
	EndGlobalSection
EndGlobal
